{
  "requires": true,
  "lockfileVersion": 1,
  "dependencies": {
    "ionic2-calendar": {
      "version": "0.6.9",
      "resolved": "https://registry.npmjs.org/ionic2-calendar/-/ionic2-calendar-0.6.9.tgz",
      "integrity": "sha512-s1TFCxeFeZkwBY7Gno6L57id1CGIHXk9eRjB0TU1MqgRTiXBOvkXYm9mJa5S7UyN1VTKhcbuk5U27eEG9QmOAA=="
    }
  }
}
